// !$*UTF8*$!
{
	archiveVersion = 1;
	classes = {
	};
	objectVersion = 56;
	objects = {

/* Begin PBXBuildFile section */
		2CBAF2672CD2FF31002A8AB2 /* PlantlyApp.swift in Sources */ = {isa = PBXBuildFile; fileRef = 2CBAF2662CD2FF31002A8AB2 /* PlantlyApp.swift */; };
		2CBAF2692CD2FF31002A8AB2 /* ContentView.swift in Sources */ = {isa = PBXBuildFile; fileRef = 2CBAF2682CD2FF31002A8AB2 /* ContentView.swift */; };
		2CBAF26B2CD2FF31002A8AB2 /* Item.swift in Sources */ = {isa = PBXBuildFile; fileRef = 2CBAF26A2CD2FF31002A8AB2 /* Item.swift */; };
		2CBAF26D2CD2FF32002A8AB2 /* Assets.xcassets in Resources */ = {isa = PBXBuildFile; fileRef = 2CBAF26C2CD2FF32002A8AB2 /* Assets.xcassets */; };
		2CBAF2702CD2FF32002A8AB2 /* Preview Assets.xcassets in Resources */ = {isa = PBXBuildFile; fileRef = 2CBAF26F2CD2FF32002A8AB2 /* Preview Assets.xcassets */; };
		2CBAF27A2CD2FF32002A8AB2 /* PlantlyTests.swift in Sources */ = {isa = PBXBuildFile; fileRef = 2CBAF2792CD2FF32002A8AB2 /* PlantlyTests.swift */; };
		2CBAF2842CD2FF32002A8AB2 /* PlantlyUITests.swift in Sources */ = {isa = PBXBuildFile; fileRef = 2CBAF2832CD2FF32002A8AB2 /* PlantlyUITests.swift */; };
		2CBAF2862CD2FF32002A8AB2 /* PlantlyUITestsLaunchTests.swift in Sources */ = {isa = PBXBuildFile; fileRef = 2CBAF2852CD2FF32002A8AB2 /* PlantlyUITestsLaunchTests.swift */; };
/* End PBXBuildFile section */

/* Begin PBXContainerItemProxy section */
		2CBAF2762CD2FF32002A8AB2 /* PBXContainerItemProxy */ = {
			isa = PBXContainerItemProxy;
			containerPortal = 2CBAF25B2CD2FF31002A8AB2 /* Project object */;
			proxyType = 1;
			remoteGlobalIDString = 2CBAF2622CD2FF31002A8AB2;
			remoteInfo = Plantly;
		};
		2CBAF2802CD2FF32002A8AB2 /* PBXContainerItemProxy */ = {
			isa = PBXContainerItemProxy;
			containerPortal = 2CBAF25B2CD2FF31002A8AB2 /* Project object */;
			proxyType = 1;
			remoteGlobalIDString = 2CBAF2622CD2FF31002A8AB2;
			remoteInfo = Plantly;
		};
/* End PBXContainerItemProxy section */

/* Begin PBXFileReference section */
		2CBAF2632CD2FF31002A8AB2 /* Plantly.app */ = {isa = PBXFileReference; explicitFileType = wrapper.application; includeInIndex = 0; path = Plantly.app; sourceTree = BUILT_PRODUCTS_DIR; };
		2CBAF2662CD2FF31002A8AB2 /* PlantlyApp.swift */ = {isa = PBXFileReference; lastKnownFileType = sourcecode.swift; path = PlantlyApp.swift; sourceTree = "<group>"; };
		2CBAF2682CD2FF31002A8AB2 /* ContentView.swift */ = {isa = PBXFileReference; lastKnownFileType = sourcecode.swift; path = ContentView.swift; sourceTree = "<group>"; };
		2CBAF26A2CD2FF31002A8AB2 /* Item.swift */ = {isa = PBXFileReference; lastKnownFileType = sourcecode.swift; path = Item.swift; sourceTree = "<group>"; };
		2CBAF26C2CD2FF32002A8AB2 /* Assets.xcassets */ = {isa = PBXFileReference; lastKnownFileType = folder.assetcatalog; path = Assets.xcassets; sourceTree = "<group>"; };
		2CBAF26F2CD2FF32002A8AB2 /* Preview Assets.xcassets */ = {isa = PBXFileReference; lastKnownFileType = folder.assetcatalog; path = "Preview Assets.xcassets"; sourceTree = "<group>"; };
		2CBAF2752CD2FF32002A8AB2 /* PlantlyTests.xctest */ = {isa = PBXFileReference; explicitFileType = wrapper.cfbundle; includeInIndex = 0; path = PlantlyTests.xctest; sourceTree = BUILT_PRODUCTS_DIR; };
		2CBAF2792CD2FF32002A8AB2 /* PlantlyTests.swift */ = {isa = PBXFileReference; lastKnownFileType = sourcecode.swift; path = PlantlyTests.swift; sourceTree = "<group>"; };
		2CBAF27F2CD2FF32002A8AB2 /* PlantlyUITests.xctest */ = {isa = PBXFileReference; explicitFileType = wrapper.cfbundle; includeInIndex = 0; path = PlantlyUITests.xctest; sourceTree = BUILT_PRODUCTS_DIR; };
		2CBAF2832CD2FF32002A8AB2 /* PlantlyUITests.swift */ = {isa = PBXFileReference; lastKnownFileType = sourcecode.swift; path = PlantlyUITests.swift; sourceTree = "<group>"; };
		2CBAF2852CD2FF32002A8AB2 /* PlantlyUITestsLaunchTests.swift */ = {isa = PBXFileReference; lastKnownFileType = sourcecode.swift; path = PlantlyUITestsLaunchTests.swift; sourceTree = "<group>"; };
/* End PBXFileReference section */

/* Begin PBXFrameworksBuildPhase section */
		2CBAF2602CD2FF31002A8AB2 /* Frameworks */ = {
			isa = PBXFrameworksBuildPhase;
			buildActionMask = 2147483647;
			files = (
			);
			runOnlyForDeploymentPostprocessing = 0;
		};
		2CBAF2722CD2FF32002A8AB2 /* Frameworks */ = {
			isa = PBXFrameworksBuildPhase;
			buildActionMask = 2147483647;
			files = (
			);
			runOnlyForDeploymentPostprocessing = 0;
		};
		2CBAF27C2CD2FF32002A8AB2 /* Frameworks */ = {
			isa = PBXFrameworksBuildPhase;
			buildActionMask = 2147483647;
			files = (
			);
			runOnlyForDeploymentPostprocessing = 0;
		};
/* End PBXFrameworksBuildPhase section */

/* Begin PBXGroup section */
		2CBAF25A2CD2FF31002A8AB2 = {
			isa = PBXGroup;
			children = (
				2CBAF2652CD2FF31002A8AB2 /* Plantly */,
				2CBAF2782CD2FF32002A8AB2 /* PlantlyTests */,
				2CBAF2822CD2FF32002A8AB2 /* PlantlyUITests */,
				2CBAF2642CD2FF31002A8AB2 /* Products */,
			);
			sourceTree = "<group>";
		};
		2CBAF2642CD2FF31002A8AB2 /* Products */ = {
			isa = PBXGroup;
			children = (
				2CBAF2632CD2FF31002A8AB2 /* Plantly.app */,
				2CBAF2752CD2FF32002A8AB2 /* PlantlyTests.xctest */,
				2CBAF27F2CD2FF32002A8AB2 /* PlantlyUITests.xctest */,
			);
			name = Products;
			sourceTree = "<group>";
		};
		2CBAF2652CD2FF31002A8AB2 /* Plantly */ = {
			isa = PBXGroup;
			children = (
				2CBAF2662CD2FF31002A8AB2 /* PlantlyApp.swift */,
				2CBAF2682CD2FF31002A8AB2 /* ContentView.swift */,
				2CBAF26A2CD2FF31002A8AB2 /* Item.swift */,
				2CBAF26C2CD2FF32002A8AB2 /* Assets.xcassets */,
				2CBAF26E2CD2FF32002A8AB2 /* Preview Content */,
			);
			path = Plantly;
			sourceTree = "<group>";
		};
		2CBAF26E2CD2FF32002A8AB2 /* Preview Content */ = {
			isa = PBXGroup;
			children = (
				2CBAF26F2CD2FF32002A8AB2 /* Preview Assets.xcassets */,
			);
			path = "Preview Content";
			sourceTree = "<group>";
		};
		2CBAF2782CD2FF32002A8AB2 /* PlantlyTests */ = {
			isa = PBXGroup;
			children = (
				2CBAF2792CD2FF32002A8AB2 /* PlantlyTests.swift */,
			);
			path = PlantlyTests;
			sourceTree = "<group>";
		};
		2CBAF2822CD2FF32002A8AB2 /* PlantlyUITests */ = {
			isa = PBXGroup;
			children = (
				2CBAF2832CD2FF32002A8AB2 /* PlantlyUITests.swift */,
				2CBAF2852CD2FF32002A8AB2 /* PlantlyUITestsLaunchTests.swift */,
			);
			path = PlantlyUITests;
			sourceTree = "<group>";
		};
/* End PBXGroup section */

/* Begin PBXNativeTarget section */
		2CBAF2622CD2FF31002A8AB2 /* Plantly */ = {
			isa = PBXNativeTarget;
			buildConfigurationList = 2CBAF2892CD2FF32002A8AB2 /* Build configuration list for PBXNativeTarget "Plantly" */;
			buildPhases = (
				2CBAF25F2CD2FF31002A8AB2 /* Sources */,
				2CBAF2602CD2FF31002A8AB2 /* Frameworks */,
				2CBAF2612CD2FF31002A8AB2 /* Resources */,
			);
			buildRules = (
			);
			dependencies = (
			);
			name = Plantly;
			productName = Plantly;
			productReference = 2CBAF2632CD2FF31002A8AB2 /* Plantly.app */;
			productType = "com.apple.product-type.application";
		};
		2CBAF2742CD2FF32002A8AB2 /* PlantlyTests */ = {
			isa = PBXNativeTarget;
			buildConfigurationList = 2CBAF28C2CD2FF32002A8AB2 /* Build configuration list for PBXNativeTarget "PlantlyTests" */;
			buildPhases = (
				2CBAF2712CD2FF32002A8AB2 /* Sources */,
				2CBAF2722CD2FF32002A8AB2 /* Frameworks */,
				2CBAF2732CD2FF32002A8AB2 /* Resources */,
			);
			buildRules = (
			);
			dependencies = (
				2CBAF2772CD2FF32002A8AB2 /* PBXTargetDependency */,
			);
			name = PlantlyTests;
			productName = PlantlyTests;
			productReference = 2CBAF2752CD2FF32002A8AB2 /* PlantlyTests.xctest */;
			productType = "com.apple.product-type.bundle.unit-test";
		};
		2CBAF27E2CD2FF32002A8AB2 /* PlantlyUITests */ = {
			isa = PBXNativeTarget;
			buildConfigurationList = 2CBAF28F2CD2FF32002A8AB2 /* Build configuration list for PBXNativeTarget "PlantlyUITests" */;
			buildPhases = (
				2CBAF27B2CD2FF32002A8AB2 /* Sources */,
				2CBAF27C2CD2FF32002A8AB2 /* Frameworks */,
				2CBAF27D2CD2FF32002A8AB2 /* Resources */,
			);
			buildRules = (
			);
			dependencies = (
				2CBAF2812CD2FF32002A8AB2 /* PBXTargetDependency */,
			);
			name = PlantlyUITests;
			productName = PlantlyUITests;
			productReference = 2CBAF27F2CD2FF32002A8AB2 /* PlantlyUITests.xctest */;
			productType = "com.apple.product-type.bundle.ui-testing";
		};
/* End PBXNativeTarget section */

/* Begin PBXProject section */
		2CBAF25B2CD2FF31002A8AB2 /* Project object */ = {
			isa = PBXProject;
			attributes = {
				BuildIndependentTargetsInParallel = 1;
				LastSwiftUpdateCheck = 1500;
				LastUpgradeCheck = 1500;
				TargetAttributes = {
					2CBAF2622CD2FF31002A8AB2 = {
						CreatedOnToolsVersion = 15.0.1;
					};
					2CBAF2742CD2FF32002A8AB2 = {
						CreatedOnToolsVersion = 15.0.1;
						TestTargetID = 2CBAF2622CD2FF31002A8AB2;
					};
					2CBAF27E2CD2FF32002A8AB2 = {
						CreatedOnToolsVersion = 15.0.1;
						TestTargetID = 2CBAF2622CD2FF31002A8AB2;
					};
				};
			};
			buildConfigurationList = 2CBAF25E2CD2FF31002A8AB2 /* Build configuration list for PBXProject "Plantly" */;
			compatibilityVersion = "Xcode 14.0";
			developmentRegion = en;
			hasScannedForEncodings = 0;
			knownRegions = (
				en,
				Base,
			);
			mainGroup = 2CBAF25A2CD2FF31002A8AB2;
			productRefGroup = 2CBAF2642CD2FF31002A8AB2 /* Products */;
			projectDirPath = "";
			projectRoot = "";
			targets = (
				2CBAF2622CD2FF31002A8AB2 /* Plantly */,
				2CBAF2742CD2FF32002A8AB2 /* PlantlyTests */,
				2CBAF27E2CD2FF32002A8AB2 /* PlantlyUITests */,
			);
		};
/* End PBXProject section */

/* Begin PBXResourcesBuildPhase section */
		2CBAF2612CD2FF31002A8AB2 /* Resources */ = {
			isa = PBXResourcesBuildPhase;
			buildActionMask = 2147483647;
			files = (
				2CBAF2702CD2FF32002A8AB2 /* Preview Assets.xcassets in Resources */,
				2CBAF26D2CD2FF32002A8AB2 /* Assets.xcassets in Resources */,
			);
			runOnlyForDeploymentPostprocessing = 0;
		};
		2CBAF2732CD2FF32002A8AB2 /* Resources */ = {
			isa = PBXResourcesBuildPhase;
			buildActionMask = 2147483647;
			files = (
			);
			runOnlyForDeploymentPostprocessing = 0;
		};
		2CBAF27D2CD2FF32002A8AB2 /* Resources */ = {
			isa = PBXResourcesBuildPhase;
			buildActionMask = 2147483647;
			files = (
			);
			runOnlyForDeploymentPostprocessing = 0;
		};
/* End PBXResourcesBuildPhase section */

/* Begin PBXSourcesBuildPhase section */
		2CBAF25F2CD2FF31002A8AB2 /* Sources */ = {
			isa = PBXSourcesBuildPhase;
			buildActionMask = 2147483647;
			files = (
				2CBAF2692CD2FF31002A8AB2 /* ContentView.swift in Sources */,
				2CBAF26B2CD2FF31002A8AB2 /* Item.swift in Sources */,
				2CBAF2672CD2FF31002A8AB2 /* PlantlyApp.swift in Sources */,
			);
			runOnlyForDeploymentPostprocessing = 0;
		};
		2CBAF2712CD2FF32002A8AB2 /* Sources */ = {
			isa = PBXSourcesBuildPhase;
			buildActionMask = 2147483647;
			files = (
				2CBAF27A2CD2FF32002A8AB2 /* PlantlyTests.swift in Sources */,
			);
			runOnlyForDeploymentPostprocessing = 0;
		};
		2CBAF27B2CD2FF32002A8AB2 /* Sources */ = {
			isa = PBXSourcesBuildPhase;
			buildActionMask = 2147483647;
			files = (
				2CBAF2842CD2FF32002A8AB2 /* PlantlyUITests.swift in Sources */,
				2CBAF2862CD2FF32002A8AB2 /* PlantlyUITestsLaunchTests.swift in Sources */,
			);
			runOnlyForDeploymentPostprocessing = 0;
		};
/* End PBXSourcesBuildPhase section */

/* Begin PBXTargetDependency section */
		2CBAF2772CD2FF32002A8AB2 /* PBXTargetDependency */ = {
			isa = PBXTargetDependency;
			target = 2CBAF2622CD2FF31002A8AB2 /* Plantly */;
			targetProxy = 2CBAF2762CD2FF32002A8AB2 /* PBXContainerItemProxy */;
		};
		2CBAF2812CD2FF32002A8AB2 /* PBXTargetDependency */ = {
			isa = PBXTargetDependency;
			target = 2CBAF2622CD2FF31002A8AB2 /* Plantly */;
			targetProxy = 2CBAF2802CD2FF32002A8AB2 /* PBXContainerItemProxy */;
		};
/* End PBXTargetDependency section */

/* Begin XCBuildConfiguration section */
		2CBAF2872CD2FF32002A8AB2 /* Debug */ = {
			isa = XCBuildConfiguration;
			buildSettings = {
				ALWAYS_SEARCH_USER_PATHS = NO;
				ASSETCATALOG_COMPILER_GENERATE_SWIFT_ASSET_SYMBOL_EXTENSIONS = YES;
				CLANG_ANALYZER_NONNULL = YES;
				CLANG_ANALYZER_NUMBER_OBJECT_CONVERSION = YES_AGGRESSIVE;
				CLANG_CXX_LANGUAGE_STANDARD = "gnu++20";
				CLANG_ENABLE_MODULES = YES;
				CLANG_ENABLE_OBJC_ARC = YES;
				CLANG_ENABLE_OBJC_WEAK = YES;
				CLANG_WARN_BLOCK_CAPTURE_AUTORELEASING = YES;
				CLANG_WARN_BOOL_CONVERSION = YES;
				CLANG_WARN_COMMA = YES;
				CLANG_WARN_CONSTANT_CONVERSION = YES;
				CLANG_WARN_DEPRECATED_OBJC_IMPLEMENTATIONS = YES;
				CLANG_WARN_DIRECT_OBJC_ISA_USAGE = YES_ERROR;
				CLANG_WARN_DOCUMENTATION_COMMENTS = YES;
				CLANG_WARN_EMPTY_BODY = YES;
				CLANG_WARN_ENUM_CONVERSION = YES;
				CLANG_WARN_INFINITE_RECURSION = YES;
				CLANG_WARN_INT_CONVERSION = YES;
				CLANG_WARN_NON_LITERAL_NULL_CONVERSION = YES;
				CLANG_WARN_OBJC_IMPLICIT_RETAIN_SELF = YES;
				CLANG_WARN_OBJC_LITERAL_CONVERSION = YES;
				CLANG_WARN_OBJC_ROOT_CLASS = YES_ERROR;
				CLANG_WARN_QUOTED_INCLUDE_IN_FRAMEWORK_HEADER = YES;
				CLANG_WARN_RANGE_LOOP_ANALYSIS = YES;
				CLANG_WARN_STRICT_PROTOTYPES = YES;
				CLANG_WARN_SUSPICIOUS_MOVE = YES;
				CLANG_WARN_UNGUARDED_AVAILABILITY = YES_AGGRESSIVE;
				CLANG_WARN_UNREACHABLE_CODE = YES;
				CLANG_WARN__DUPLICATE_METHOD_MATCH = YES;
				COPY_PHASE_STRIP = NO;
				DEBUG_INFORMATION_FORMAT = dwarf;
				ENABLE_STRICT_OBJC_MSGSEND = YES;
				ENABLE_TESTABILITY = YES;
				ENABLE_USER_SCRIPT_SANDBOXING = YES;
				GCC_C_LANGUAGE_STANDARD = gnu17;
				GCC_DYNAMIC_NO_PIC = NO;
				GCC_NO_COMMON_BLOCKS = YES;
				GCC_OPTIMIZATION_LEVEL = 0;
				GCC_PREPROCESSOR_DEFINITIONS = (
					"DEBUG=1",
					"$(inherited)",
				);
				GCC_WARN_64_TO_32_BIT_CONVERSION = YES;
				GCC_WARN_ABOUT_RETURN_TYPE = YES_ERROR;
				GCC_WARN_UNDECLARED_SELECTOR = YES;
				GCC_WARN_UNINITIALIZED_AUTOS = YES_AGGRESSIVE;
				GCC_WARN_UNUSED_FUNCTION = YES;
				GCC_WARN_UNUSED_VARIABLE = YES;
				IPHONEOS_DEPLOYMENT_TARGET = 17.0;
				LOCALIZATION_PREFERS_STRING_CATALOGS = YES;
				MTL_ENABLE_DEBUG_INFO = INCLUDE_SOURCE;
				MTL_FAST_MATH = YES;
				ONLY_ACTIVE_ARCH = YES;
				SDKROOT = iphoneos;
				SWIFT_ACTIVE_COMPILATION_CONDITIONS = "DEBUG $(inherited)";
				SWIFT_OPTIMIZATION_LEVEL = "-Onone";
			};
			name = Debug;
		};
		2CBAF2882CD2FF32002A8AB2 /* Release */ = {
			isa = XCBuildConfiguration;
			buildSettings = {
				ALWAYS_SEARCH_USER_PATHS = NO;
				ASSETCATALOG_COMPILER_GENERATE_SWIFT_ASSET_SYMBOL_EXTENSIONS = YES;
				CLANG_ANALYZER_NONNULL = YES;
				CLANG_ANALYZER_NUMBER_OBJECT_CONVERSION = YES_AGGRESSIVE;
				CLANG_CXX_LANGUAGE_STANDARD = "gnu++20";
				CLANG_ENABLE_MODULES = YES;
				CLANG_ENABLE_OBJC_ARC = YES;
				CLANG_ENABLE_OBJC_WEAK = YES;
				CLANG_WARN_BLOCK_CAPTURE_AUTORELEASING = YES;
				CLANG_WARN_BOOL_CONVERSION = YES;
				CLANG_WARN_COMMA = YES;
				CLANG_WARN_CONSTANT_CONVERSION = YES;
				CLANG_WARN_DEPRECATED_OBJC_IMPLEMENTATIONS = YES;
				CLANG_WARN_DIRECT_OBJC_ISA_USAGE = YES_ERROR;
				CLANG_WARN_DOCUMENTATION_COMMENTS = YES;
				CLANG_WARN_EMPTY_BODY = YES;
				CLANG_WARN_ENUM_CONVERSION = YES;
				CLANG_WARN_INFINITE_RECURSION = YES;
				CLANG_WARN_INT_CONVERSION = YES;
				CLANG_WARN_NON_LITERAL_NULL_CONVERSION = YES;
				CLANG_WARN_OBJC_IMPLICIT_RETAIN_SELF = YES;
				CLANG_WARN_OBJC_LITERAL_CONVERSION = YES;
				CLANG_WARN_OBJC_ROOT_CLASS = YES_ERROR;
				CLANG_WARN_QUOTED_INCLUDE_IN_FRAMEWORK_HEADER = YES;
				CLANG_WARN_RANGE_LOOP_ANALYSIS = YES;
				CLANG_WARN_STRICT_PROTOTYPES = YES;
				CLANG_WARN_SUSPICIOUS_MOVE = YES;
				CLANG_WARN_UNGUARDED_AVAILABILITY = YES_AGGRESSIVE;
				CLANG_WARN_UNREACHABLE_CODE = YES;
				CLANG_WARN__DUPLICATE_METHOD_MATCH = YES;
				COPY_PHASE_STRIP = NO;
				DEBUG_INFORMATION_FORMAT = "dwarf-with-dsym";
				ENABLE_NS_ASSERTIONS = NO;
				ENABLE_STRICT_OBJC_MSGSEND = YES;
				ENABLE_USER_SCRIPT_SANDBOXING = YES;
				GCC_C_LANGUAGE_STANDARD = gnu17;
				GCC_NO_COMMON_BLOCKS = YES;
				GCC_WARN_64_TO_32_BIT_CONVERSION = YES;
				GCC_WARN_ABOUT_RETURN_TYPE = YES_ERROR;
				GCC_WARN_UNDECLARED_SELECTOR = YES;
				GCC_WARN_UNINITIALIZED_AUTOS = YES_AGGRESSIVE;
				GCC_WARN_UNUSED_FUNCTION = YES;
				GCC_WARN_UNUSED_VARIABLE = YES;
				IPHONEOS_DEPLOYMENT_TARGET = 17.0;
				LOCALIZATION_PREFERS_STRING_CATALOGS = YES;
				MTL_ENABLE_DEBUG_INFO = NO;
				MTL_FAST_MATH = YES;
				SDKROOT = iphoneos;
				SWIFT_COMPILATION_MODE = wholemodule;
				VALIDATE_PRODUCT = YES;
			};
			name = Release;
		};
		2CBAF28A2CD2FF32002A8AB2 /* Debug */ = {
			isa = XCBuildConfiguration;
			buildSettings = {
				ASSETCATALOG_COMPILER_APPICON_NAME = AppIcon;
				ASSETCATALOG_COMPILER_GLOBAL_ACCENT_COLOR_NAME = AccentColor;
				CODE_SIGN_STYLE = Automatic;
				CURRENT_PROJECT_VERSION = 1;
				DEVELOPMENT_ASSET_PATHS = "\"Plantly/Preview Content\"";
				DEVELOPMENT_TEAM = 35953V9L7K;
				ENABLE_PREVIEWS = YES;
				GENERATE_INFOPLIST_FILE = YES;
				INFOPLIST_KEY_UIApplicationSceneManifest_Generation = YES;
				INFOPLIST_KEY_UIApplicationSupportsIndirectInputEvents = YES;
				INFOPLIST_KEY_UILaunchScreen_Generation = YES;
				INFOPLIST_KEY_UISupportedInterfaceOrientations_iPad = "UIInterfaceOrientationPortrait UIInterfaceOrientationPortraitUpsideDown UIInterfaceOrientationLandscapeLeft UIInterfaceOrientationLandscapeRight";
				INFOPLIST_KEY_UISupportedInterfaceOrientations_iPhone = "UIInterfaceOrientationPortrait UIInterfaceOrientationLandscapeLeft UIInterfaceOrientationLandscapeRight";
				LD_RUNPATH_SEARCH_PATHS = (
					"$(inherited)",
					"@executable_path/Frameworks",
				);
				MARKETING_VERSION = 1.0;
				PRODUCT_BUNDLE_IDENTIFIER = com.gui.Plantly;
				PRODUCT_NAME = "$(TARGET_NAME)";
				SWIFT_EMIT_LOC_STRINGS = YES;
				SWIFT_VERSION = 5.0;
				TARGETED_DEVICE_FAMILY = "1,2";
			};
			name = Debug;
		};
		2CBAF28B2CD2FF32002A8AB2 /* Release */ = {
			isa = XCBuildConfiguration;
			buildSettings = {
				ASSETCATALOG_COMPILER_APPICON_NAME = AppIcon;
				ASSETCATALOG_COMPILER_GLOBAL_ACCENT_COLOR_NAME = AccentColor;
				CODE_SIGN_STYLE = Automatic;
				CURRENT_PROJECT_VERSION = 1;
				DEVELOPMENT_ASSET_PATHS = "\"Plantly/Preview Content\"";
				DEVELOPMENT_TEAM = 35953V9L7K;
				ENABLE_PREVIEWS = YES;
				GENERATE_INFOPLIST_FILE = YES;
				INFOPLIST_KEY_UIApplicationSceneManifest_Generation = YES;
				INFOPLIST_KEY_UIApplicationSupportsIndirectInputEvents = YES;
				INFOPLIST_KEY_UILaunchScreen_Generation = YES;
				INFOPLIST_KEY_UISupportedInterfaceOrientations_iPad = "UIInterfaceOrientationPortrait UIInterfaceOrientationPortraitUpsideDown UIInterfaceOrientationLandscapeLeft UIInterfaceOrientationLandscapeRight";
				INFOPLIST_KEY_UISupportedInterfaceOrientations_iPhone = "UIInterfaceOrientationPortrait UIInterfaceOrientationLandscapeLeft UIInterfaceOrientationLandscapeRight";
				LD_RUNPATH_SEARCH_PATHS = (
					"$(inherited)",
					"@executable_path/Frameworks",
				);
				MARKETING_VERSION = 1.0;
				PRODUCT_BUNDLE_IDENTIFIER = com.gui.Plantly;
				PRODUCT_NAME = "$(TARGET_NAME)";
				SWIFT_EMIT_LOC_STRINGS = YES;
				SWIFT_VERSION = 5.0;
				TARGETED_DEVICE_FAMILY = "1,2";
			};
			name = Release;
		};
		2CBAF28D2CD2FF32002A8AB2 /* Debug */ = {
			isa = XCBuildConfiguration;
			buildSettings = {
				ALWAYS_EMBED_SWIFT_STANDARD_LIBRARIES = YES;
				BUNDLE_LOADER = "$(TEST_HOST)";
				CODE_SIGN_STYLE = Automatic;
				CURRENT_PROJECT_VERSION = 1;
				DEVELOPMENT_TEAM = 35953V9L7K;
				GENERATE_INFOPLIST_FILE = YES;
				IPHONEOS_DEPLOYMENT_TARGET = 17.0;
				MARKETING_VERSION = 1.0;
				PRODUCT_BUNDLE_IDENTIFIER = com.gui.PlantlyTests;
				PRODUCT_NAME = "$(TARGET_NAME)";
				SWIFT_EMIT_LOC_STRINGS = NO;
				SWIFT_VERSION = 5.0;
				TARGETED_DEVICE_FAMILY = "1,2";
				TEST_HOST = "$(BUILT_PRODUCTS_DIR)/Plantly.app/$(BUNDLE_EXECUTABLE_FOLDER_PATH)/Plantly";
			};
			name = Debug;
		};
		2CBAF28E2CD2FF32002A8AB2 /* Release */ = {
			isa = XCBuildConfiguration;
			buildSettings = {
				ALWAYS_EMBED_SWIFT_STANDARD_LIBRARIES = YES;
				BUNDLE_LOADER = "$(TEST_HOST)";
				CODE_SIGN_STYLE = Automatic;
				CURRENT_PROJECT_VERSION = 1;
				DEVELOPMENT_TEAM = 35953V9L7K;
				GENERATE_INFOPLIST_FILE = YES;
				IPHONEOS_DEPLOYMENT_TARGET = 17.0;
				MARKETING_VERSION = 1.0;
				PRODUCT_BUNDLE_IDENTIFIER = com.gui.PlantlyTests;
				PRODUCT_NAME = "$(TARGET_NAME)";
				SWIFT_EMIT_LOC_STRINGS = NO;
				SWIFT_VERSION = 5.0;
				TARGETED_DEVICE_FAMILY = "1,2";
				TEST_HOST = "$(BUILT_PRODUCTS_DIR)/Plantly.app/$(BUNDLE_EXECUTABLE_FOLDER_PATH)/Plantly";
			};
			name = Release;
		};
		2CBAF2902CD2FF32002A8AB2 /* Debug */ = {
			isa = XCBuildConfiguration;
			buildSettings = {
				ALWAYS_EMBED_SWIFT_STANDARD_LIBRARIES = YES;
				CODE_SIGN_STYLE = Automatic;
				CURRENT_PROJECT_VERSION = 1;
				DEVELOPMENT_TEAM = 35953V9L7K;
				GENERATE_INFOPLIST_FILE = YES;
				MARKETING_VERSION = 1.0;
				PRODUCT_BUNDLE_IDENTIFIER = com.gui.PlantlyUITests;
				PRODUCT_NAME = "$(TARGET_NAME)";
				SWIFT_EMIT_LOC_STRINGS = NO;
				SWIFT_VERSION = 5.0;
				TARGETED_DEVICE_FAMILY = "1,2";
				TEST_TARGET_NAME = Plantly;
			};
			name = Debug;
		};
		2CBAF2912CD2FF32002A8AB2 /* Release */ = {
			isa = XCBuildConfiguration;
			buildSettings = {
				ALWAYS_EMBED_SWIFT_STANDARD_LIBRARIES = YES;
				CODE_SIGN_STYLE = Automatic;
				CURRENT_PROJECT_VERSION = 1;
				DEVELOPMENT_TEAM = 35953V9L7K;
				GENERATE_INFOPLIST_FILE = YES;
				MARKETING_VERSION = 1.0;
				PRODUCT_BUNDLE_IDENTIFIER = com.gui.PlantlyUITests;
				PRODUCT_NAME = "$(TARGET_NAME)";
				SWIFT_EMIT_LOC_STRINGS = NO;
				SWIFT_VERSION = 5.0;
				TARGETED_DEVICE_FAMILY = "1,2";
				TEST_TARGET_NAME = Plantly;
			};
			name = Release;
		};
/* End XCBuildConfiguration section */

/* Begin XCConfigurationList section */
		2CBAF25E2CD2FF31002A8AB2 /* Build configuration list for PBXProject "Plantly" */ = {
			isa = XCConfigurationList;
			buildConfigurations = (
				2CBAF2872CD2FF32002A8AB2 /* Debug */,
				2CBAF2882CD2FF32002A8AB2 /* Release */,
			);
			defaultConfigurationIsVisible = 0;
			defaultConfigurationName = Release;
		};
		2CBAF2892CD2FF32002A8AB2 /* Build configuration list for PBXNativeTarget "Plantly" */ = {
			isa = XCConfigurationList;
			buildConfigurations = (
				2CBAF28A2CD2FF32002A8AB2 /* Debug */,
				2CBAF28B2CD2FF32002A8AB2 /* Release */,
			);
			defaultConfigurationIsVisible = 0;
			defaultConfigurationName = Release;
		};
		2CBAF28C2CD2FF32002A8AB2 /* Build configuration list for PBXNativeTarget "PlantlyTests" */ = {
			isa = XCConfigurationList;
			buildConfigurations = (
				2CBAF28D2CD2FF32002A8AB2 /* Debug */,
				2CBAF28E2CD2FF32002A8AB2 /* Release */,
			);
			defaultConfigurationIsVisible = 0;
			defaultConfigurationName = Release;
		};
		2CBAF28F2CD2FF32002A8AB2 /* Build configuration list for PBXNativeTarget "PlantlyUITests" */ = {
			isa = XCConfigurationList;
			buildConfigurations = (
				2CBAF2902CD2FF32002A8AB2 /* Debug */,
				2CBAF2912CD2FF32002A8AB2 /* Release */,
			);
			defaultConfigurationIsVisible = 0;
			defaultConfigurationName = Release;
		};
/* End XCConfigurationList section */
	};
	rootObject = 2CBAF25B2CD2FF31002A8AB2 /* Project object */;
}
