// !$*UTF8*$!
{
	archiveVersion = 1;
	classes = {
	};
	objectVersion = 77;
	objects = {

/* Begin PBXBuildFile section */
		2C8CE63D2D5A6AC8005C0046 /* Core.framework in Frameworks */ = {isa = PBXBuildFile; fileRef = 2C8CE63C2D5A6AC8005C0046 /* Core.framework */; };
		2C8CE63E2D5A6AC8005C0046 /* Core.framework in Embed Frameworks */ = {isa = PBXBuildFile; fileRef = 2C8CE63C2D5A6AC8005C0046 /* Core.framework */; settings = {ATTRIBUTES = (CodeSignOnCopy, RemoveHeadersOnCopy, ); }; };
		2C8CE6412D5A6ACC005C0046 /* AuthModule.framework in Frameworks */ = {isa = PBXBuildFile; fileRef = 2C8CE6402D5A6ACC005C0046 /* AuthModule.framework */; };
		2C8CE6422D5A6ACC005C0046 /* AuthModule.framework in Embed Frameworks */ = {isa = PBXBuildFile; fileRef = 2C8CE6402D5A6ACC005C0046 /* AuthModule.framework */; settings = {ATTRIBUTES = (CodeSignOnCopy, RemoveHeadersOnCopy, ); }; };
		2C8CE6442D5A6AD1005C0046 /* ProfileModule.framework in Frameworks */ = {isa = PBXBuildFile; fileRef = 2C8CE6432D5A6AD1005C0046 /* ProfileModule.framework */; };
		2C8CE6452D5A6AD1005C0046 /* ProfileModule.framework in Embed Frameworks */ = {isa = PBXBuildFile; fileRef = 2C8CE6432D5A6AD1005C0046 /* ProfileModule.framework */; settings = {ATTRIBUTES = (CodeSignOnCopy, RemoveHeadersOnCopy, ); }; };
		2C8CE6472D5A6ADF005C0046 /* PUI.framework in Frameworks */ = {isa = PBXBuildFile; fileRef = 2C8CE6462D5A6ADF005C0046 /* PUI.framework */; };
		2C8CE6482D5A6ADF005C0046 /* PUI.framework in Embed Frameworks */ = {isa = PBXBuildFile; fileRef = 2C8CE6462D5A6ADF005C0046 /* PUI.framework */; settings = {ATTRIBUTES = (CodeSignOnCopy, RemoveHeadersOnCopy, ); }; };
		2CF3B5962D6A149200731684 /* Assets.xcassets in Resources */ = {isa = PBXBuildFile; fileRef = 2CF3B5902D6A149200731684 /* Assets.xcassets */; };
		2CF3B5982D6A149200731684 /* LaunchScreen.storyboard in Resources */ = {isa = PBXBuildFile; fileRef = 2CF3B5922D6A149200731684 /* LaunchScreen.storyboard */; };
		2CF3B5992D6A149200731684 /* AppCoordinator.swift in Sources */ = {isa = PBXBuildFile; fileRef = 2CF3B58E2D6A149200731684 /* AppCoordinator.swift */; };
		2CF3B59A2D6A149200731684 /* AppCoordinatorView.swift in Sources */ = {isa = PBXBuildFile; fileRef = 2CF3B58F2D6A149200731684 /* AppCoordinatorView.swift */; };
		2CF3B59B2D6A149200731684 /* MainCoordinatorView.swift in Sources */ = {isa = PBXBuildFile; fileRef = 2CF3B5932D6A149200731684 /* MainCoordinatorView.swift */; };
		2CF3B59C2D6A149200731684 /* PLANTIOApp.swift in Sources */ = {isa = PBXBuildFile; fileRef = 2CF3B5942D6A149200731684 /* PLANTIOApp.swift */; };
		2CF3B5A42D6A162300731684 /* FeedModule.framework in Frameworks */ = {isa = PBXBuildFile; fileRef = 2CF3B5A32D6A162300731684 /* FeedModule.framework */; };
		2CF3B5A52D6A162300731684 /* FeedModule.framework in Embed Frameworks */ = {isa = PBXBuildFile; fileRef = 2CF3B5A32D6A162300731684 /* FeedModule.framework */; settings = {ATTRIBUTES = (CodeSignOnCopy, RemoveHeadersOnCopy, ); }; };
		2CF3B6112D6A4FFD00731684 /* PlantClassifierModule.framework in Frameworks */ = {isa = PBXBuildFile; fileRef = 2CF3B6102D6A4FFD00731684 /* PlantClassifierModule.framework */; };
		2CF3B6122D6A4FFD00731684 /* PlantClassifierModule.framework in Embed Frameworks */ = {isa = PBXBuildFile; fileRef = 2CF3B6102D6A4FFD00731684 /* PlantClassifierModule.framework */; settings = {ATTRIBUTES = (CodeSignOnCopy, RemoveHeadersOnCopy, ); }; };
		2CF3B6D92D6B883F00731684 /* PlantioStickers.appex in Embed Foundation Extensions */ = {isa = PBXBuildFile; fileRef = 2CF3B6D22D6B883D00731684 /* PlantioStickers.appex */; settings = {ATTRIBUTES = (RemoveHeadersOnCopy, ); }; };
		2CF3B6E32D6B885000731684 /* Stickers.xcassets in Resources */ = {isa = PBXBuildFile; fileRef = 2CF3B6E02D6B885000731684 /* Stickers.xcassets */; };
/* End PBXBuildFile section */

/* Begin PBXContainerItemProxy section */
		2CF3B6D72D6B883F00731684 /* PBXContainerItemProxy */ = {
			isa = PBXContainerItemProxy;
			containerPortal = 2C8CE6042D5A68D6005C0046 /* Project object */;
			proxyType = 1;
			remoteGlobalIDString = 2CF3B6D12D6B883D00731684;
			remoteInfo = PlantioStickers;
		};
/* End PBXContainerItemProxy section */

/* Begin PBXCopyFilesBuildPhase section */
		2C8CE63F2D5A6AC8005C0046 /* Embed Frameworks */ = {
			isa = PBXCopyFilesBuildPhase;
			buildActionMask = 2147483647;
			dstPath = "";
			dstSubfolderSpec = 10;
			files = (
				2CF3B5A52D6A162300731684 /* FeedModule.framework in Embed Frameworks */,
				2C8CE6422D5A6ACC005C0046 /* AuthModule.framework in Embed Frameworks */,
				2C8CE63E2D5A6AC8005C0046 /* Core.framework in Embed Frameworks */,
				2C8CE6452D5A6AD1005C0046 /* ProfileModule.framework in Embed Frameworks */,
				2C8CE6482D5A6ADF005C0046 /* PUI.framework in Embed Frameworks */,
				2CF3B6122D6A4FFD00731684 /* PlantClassifierModule.framework in Embed Frameworks */,
			);
			name = "Embed Frameworks";
			runOnlyForDeploymentPostprocessing = 0;
		};
		2CF3B6DE2D6B883F00731684 /* Embed Foundation Extensions */ = {
			isa = PBXCopyFilesBuildPhase;
			buildActionMask = 2147483647;
			dstPath = "";
			dstSubfolderSpec = 13;
			files = (
				2CF3B6D92D6B883F00731684 /* PlantioStickers.appex in Embed Foundation Extensions */,
			);
			name = "Embed Foundation Extensions";
			runOnlyForDeploymentPostprocessing = 0;
		};
/* End PBXCopyFilesBuildPhase section */

/* Begin PBXFileReference section */
		2C8CE60C2D5A68D6005C0046 /* PLANTIO.app */ = {isa = PBXFileReference; explicitFileType = wrapper.application; includeInIndex = 0; path = PLANTIO.app; sourceTree = BUILT_PRODUCTS_DIR; };
		2C8CE63C2D5A6AC8005C0046 /* Core.framework */ = {isa = PBXFileReference; explicitFileType = wrapper.framework; path = Core.framework; sourceTree = BUILT_PRODUCTS_DIR; };
		2C8CE6402D5A6ACC005C0046 /* AuthModule.framework */ = {isa = PBXFileReference; explicitFileType = wrapper.framework; path = AuthModule.framework; sourceTree = BUILT_PRODUCTS_DIR; };
		2C8CE6432D5A6AD1005C0046 /* ProfileModule.framework */ = {isa = PBXFileReference; explicitFileType = wrapper.framework; path = ProfileModule.framework; sourceTree = BUILT_PRODUCTS_DIR; };
		2C8CE6462D5A6ADF005C0046 /* PUI.framework */ = {isa = PBXFileReference; explicitFileType = wrapper.framework; path = PUI.framework; sourceTree = BUILT_PRODUCTS_DIR; };
		2C8CE72A2D5AA7A0005C0046 /* ProfileModule.xcodeproj */ = {isa = PBXFileReference; lastKnownFileType = "wrapper.pb-project"; name = ProfileModule.xcodeproj; path = ../ProfileModule/ProfileModule.xcodeproj; sourceTree = "<group>"; };
		2CF3B58E2D6A149200731684 /* AppCoordinator.swift */ = {isa = PBXFileReference; lastKnownFileType = sourcecode.swift; path = AppCoordinator.swift; sourceTree = "<group>"; };
		2CF3B58F2D6A149200731684 /* AppCoordinatorView.swift */ = {isa = PBXFileReference; lastKnownFileType = sourcecode.swift; path = AppCoordinatorView.swift; sourceTree = "<group>"; };
		2CF3B5902D6A149200731684 /* Assets.xcassets */ = {isa = PBXFileReference; lastKnownFileType = folder.assetcatalog; path = Assets.xcassets; sourceTree = "<group>"; };
		2CF3B5912D6A149200731684 /* Info.plist */ = {isa = PBXFileReference; lastKnownFileType = text.plist.xml; path = Info.plist; sourceTree = "<group>"; };
		2CF3B5922D6A149200731684 /* LaunchScreen.storyboard */ = {isa = PBXFileReference; lastKnownFileType = file.storyboard; path = LaunchScreen.storyboard; sourceTree = "<group>"; };
		2CF3B5932D6A149200731684 /* MainCoordinatorView.swift */ = {isa = PBXFileReference; lastKnownFileType = sourcecode.swift; path = MainCoordinatorView.swift; sourceTree = "<group>"; };
		2CF3B5942D6A149200731684 /* PLANTIOApp.swift */ = {isa = PBXFileReference; lastKnownFileType = sourcecode.swift; path = PLANTIOApp.swift; sourceTree = "<group>"; };
		2CF3B5A02D6A149C00731684 /* FeedModule.framework */ = {isa = PBXFileReference; explicitFileType = wrapper.framework; path = FeedModule.framework; sourceTree = BUILT_PRODUCTS_DIR; };
		2CF3B5A32D6A162300731684 /* FeedModule.framework */ = {isa = PBXFileReference; explicitFileType = wrapper.framework; path = FeedModule.framework; sourceTree = BUILT_PRODUCTS_DIR; };
		2CF3B5F02D6A4F7300731684 /* libPlantRecognizerModule.a */ = {isa = PBXFileReference; explicitFileType = archive.ar; path = libPlantRecognizerModule.a; sourceTree = BUILT_PRODUCTS_DIR; };
		2CF3B6102D6A4FFD00731684 /* PlantClassifierModule.framework */ = {isa = PBXFileReference; explicitFileType = wrapper.framework; path = PlantClassifierModule.framework; sourceTree = BUILT_PRODUCTS_DIR; };
		2CF3B6D22D6B883D00731684 /* PlantioStickers.appex */ = {isa = PBXFileReference; explicitFileType = "wrapper.app-extension"; includeInIndex = 0; path = PlantioStickers.appex; sourceTree = BUILT_PRODUCTS_DIR; };
		2CF3B6DF2D6B885000731684 /* Info.plist */ = {isa = PBXFileReference; lastKnownFileType = text.plist.xml; path = Info.plist; sourceTree = "<group>"; };
		2CF3B6E02D6B885000731684 /* Stickers.xcassets */ = {isa = PBXFileReference; lastKnownFileType = folder.assetcatalog; path = Stickers.xcassets; sourceTree = "<group>"; };
/* End PBXFileReference section */

/* Begin PBXFrameworksBuildPhase section */
		2C8CE6092D5A68D6005C0046 /* Frameworks */ = {
			isa = PBXFrameworksBuildPhase;
			buildActionMask = 2147483647;
			files = (
				2CF3B5A42D6A162300731684 /* FeedModule.framework in Frameworks */,
				2C8CE6412D5A6ACC005C0046 /* AuthModule.framework in Frameworks */,
				2C8CE63D2D5A6AC8005C0046 /* Core.framework in Frameworks */,
				2C8CE6442D5A6AD1005C0046 /* ProfileModule.framework in Frameworks */,
				2C8CE6472D5A6ADF005C0046 /* PUI.framework in Frameworks */,
				2CF3B6112D6A4FFD00731684 /* PlantClassifierModule.framework in Frameworks */,
			);
			runOnlyForDeploymentPostprocessing = 0;
		};
/* End PBXFrameworksBuildPhase section */

/* Begin PBXGroup section */
		2C8CE6032D5A68D6005C0046 = {
			isa = PBXGroup;
			children = (
				2CF3B5952D6A149200731684 /* PLANTIO */,
				2CF3B6E12D6B885000731684 /* PlantioStickers */,
				2C8CE63B2D5A6AC8005C0046 /* Frameworks */,
				2C8CE60D2D5A68D6005C0046 /* Products */,
			);
			sourceTree = "<group>";
		};
		2C8CE60D2D5A68D6005C0046 /* Products */ = {
			isa = PBXGroup;
			children = (
				2C8CE60C2D5A68D6005C0046 /* PLANTIO.app */,
				2CF3B6D22D6B883D00731684 /* PlantioStickers.appex */,
			);
			name = Products;
			sourceTree = "<group>";
		};
		2C8CE63B2D5A6AC8005C0046 /* Frameworks */ = {
			isa = PBXGroup;
			children = (
				2CF3B6102D6A4FFD00731684 /* PlantClassifierModule.framework */,
				2CF3B5F02D6A4F7300731684 /* libPlantRecognizerModule.a */,
				2CF3B5A32D6A162300731684 /* FeedModule.framework */,
				2CF3B5A02D6A149C00731684 /* FeedModule.framework */,
				2C8CE72A2D5AA7A0005C0046 /* ProfileModule.xcodeproj */,
				2C8CE6462D5A6ADF005C0046 /* PUI.framework */,
				2C8CE6432D5A6AD1005C0046 /* ProfileModule.framework */,
				2C8CE6402D5A6ACC005C0046 /* AuthModule.framework */,
				2C8CE63C2D5A6AC8005C0046 /* Core.framework */,
			);
			name = Frameworks;
			sourceTree = "<group>";
		};
		2C8CE72B2D5AA7A0005C0046 /* Products */ = {
			isa = PBXGroup;
			children = (
			);
			name = Products;
			sourceTree = "<group>";
		};
		2CF3B5952D6A149200731684 /* PLANTIO */ = {
			isa = PBXGroup;
			children = (
				2CF3B58E2D6A149200731684 /* AppCoordinator.swift */,
				2CF3B58F2D6A149200731684 /* AppCoordinatorView.swift */,
				2CF3B5902D6A149200731684 /* Assets.xcassets */,
				2CF3B5912D6A149200731684 /* Info.plist */,
				2CF3B5922D6A149200731684 /* LaunchScreen.storyboard */,
				2CF3B5932D6A149200731684 /* MainCoordinatorView.swift */,
				2CF3B5942D6A149200731684 /* PLANTIOApp.swift */,
			);
			path = PLANTIO;
			sourceTree = "<group>";
		};
		2CF3B6E12D6B885000731684 /* PlantioStickers */ = {
			isa = PBXGroup;
			children = (
				2CF3B6DF2D6B885000731684 /* Info.plist */,
				2CF3B6E02D6B885000731684 /* Stickers.xcassets */,
			);
			path = PlantioStickers;
			sourceTree = "<group>";
		};
/* End PBXGroup section */

/* Begin PBXNativeTarget section */
		2C8CE60B2D5A68D6005C0046 /* PLANTIO */ = {
			isa = PBXNativeTarget;
			buildConfigurationList = 2C8CE61A2D5A68DA005C0046 /* Build configuration list for PBXNativeTarget "PLANTIO" */;
			buildPhases = (
				2C8CE6082D5A68D6005C0046 /* Sources */,
				2C8CE6092D5A68D6005C0046 /* Frameworks */,
				2C8CE60A2D5A68D6005C0046 /* Resources */,
				2C8CE63F2D5A6AC8005C0046 /* Embed Frameworks */,
				2CF3B6DE2D6B883F00731684 /* Embed Foundation Extensions */,
			);
			buildRules = (
			);
			dependencies = (
				2CF3B6D82D6B883F00731684 /* PBXTargetDependency */,
			);
			name = PLANTIO;
			packageProductDependencies = (
			);
			productName = PLANTIO;
			productReference = 2C8CE60C2D5A68D6005C0046 /* PLANTIO.app */;
			productType = "com.apple.product-type.application";
		};
		2CF3B6D12D6B883D00731684 /* PlantioStickers */ = {
			isa = PBXNativeTarget;
			buildConfigurationList = 2CF3B6DB2D6B883F00731684 /* Build configuration list for PBXNativeTarget "PlantioStickers" */;
			buildPhases = (
				2CF3B6D02D6B883D00731684 /* Resources */,
			);
			buildRules = (
			);
			dependencies = (
			);
			name = PlantioStickers;
			packageProductDependencies = (
			);
			productName = PlantioStickers;
			productReference = 2CF3B6D22D6B883D00731684 /* PlantioStickers.appex */;
			productType = "com.apple.product-type.app-extension.messages-sticker-pack";
		};
/* End PBXNativeTarget section */

/* Begin PBXProject section */
		2C8CE6042D5A68D6005C0046 /* Project object */ = {
			isa = PBXProject;
			attributes = {
				BuildIndependentTargetsInParallel = 1;
				LastSwiftUpdateCheck = 1620;
				LastUpgradeCheck = 1620;
				TargetAttributes = {
					2C8CE60B2D5A68D6005C0046 = {
						CreatedOnToolsVersion = 16.2;
					};
					2CF3B6D12D6B883D00731684 = {
						CreatedOnToolsVersion = 16.2;
					};
				};
			};
			buildConfigurationList = 2C8CE6072D5A68D6005C0046 /* Build configuration list for PBXProject "PLANTIO" */;
			developmentRegion = en;
			hasScannedForEncodings = 0;
			knownRegions = (
				en,
				Base,
			);
			mainGroup = 2C8CE6032D5A68D6005C0046;
			minimizedProjectReferenceProxies = 1;
			preferredProjectObjectVersion = 77;
			productRefGroup = 2C8CE60D2D5A68D6005C0046 /* Products */;
			projectDirPath = "";
			projectReferences = (
				{
					ProductGroup = 2C8CE72B2D5AA7A0005C0046 /* Products */;
					ProjectRef = 2C8CE72A2D5AA7A0005C0046 /* ProfileModule.xcodeproj */;
				},
			);
			projectRoot = "";
			targets = (
				2C8CE60B2D5A68D6005C0046 /* PLANTIO */,
				2CF3B6D12D6B883D00731684 /* PlantioStickers */,
			);
		};
/* End PBXProject section */

/* Begin PBXResourcesBuildPhase section */
		2C8CE60A2D5A68D6005C0046 /* Resources */ = {
			isa = PBXResourcesBuildPhase;
			buildActionMask = 2147483647;
			files = (
				2CF3B5962D6A149200731684 /* Assets.xcassets in Resources */,
				2CF3B5982D6A149200731684 /* LaunchScreen.storyboard in Resources */,
			);
			runOnlyForDeploymentPostprocessing = 0;
		};
		2CF3B6D02D6B883D00731684 /* Resources */ = {
			isa = PBXResourcesBuildPhase;
			buildActionMask = 2147483647;
			files = (
				2CF3B6E32D6B885000731684 /* Stickers.xcassets in Resources */,
			);
			runOnlyForDeploymentPostprocessing = 0;
		};
/* End PBXResourcesBuildPhase section */

/* Begin PBXSourcesBuildPhase section */
		2C8CE6082D5A68D6005C0046 /* Sources */ = {
			isa = PBXSourcesBuildPhase;
			buildActionMask = 2147483647;
			files = (
				2CF3B5992D6A149200731684 /* AppCoordinator.swift in Sources */,
				2CF3B59A2D6A149200731684 /* AppCoordinatorView.swift in Sources */,
				2CF3B59B2D6A149200731684 /* MainCoordinatorView.swift in Sources */,
				2CF3B59C2D6A149200731684 /* PLANTIOApp.swift in Sources */,
			);
			runOnlyForDeploymentPostprocessing = 0;
		};
/* End PBXSourcesBuildPhase section */

/* Begin PBXTargetDependency section */
		2CF3B6D82D6B883F00731684 /* PBXTargetDependency */ = {
			isa = PBXTargetDependency;
			target = 2CF3B6D12D6B883D00731684 /* PlantioStickers */;
			targetProxy = 2CF3B6D72D6B883F00731684 /* PBXContainerItemProxy */;
		};
/* End PBXTargetDependency section */

/* Begin XCBuildConfiguration section */
		2C8CE6182D5A68DA005C0046 /* Debug */ = {
			isa = XCBuildConfiguration;
			buildSettings = {
				ALWAYS_SEARCH_USER_PATHS = NO;
				ASSETCATALOG_COMPILER_GENERATE_SWIFT_ASSET_SYMBOL_EXTENSIONS = YES;
				CLANG_ANALYZER_NONNULL = YES;
				CLANG_ANALYZER_NUMBER_OBJECT_CONVERSION = YES_AGGRESSIVE;
				CLANG_CXX_LANGUAGE_STANDARD = "gnu++20";
				CLANG_ENABLE_MODULES = YES;
				CLANG_ENABLE_OBJC_ARC = YES;
				CLANG_ENABLE_OBJC_WEAK = YES;
				CLANG_WARN_BLOCK_CAPTURE_AUTORELEASING = YES;
				CLANG_WARN_BOOL_CONVERSION = YES;
				CLANG_WARN_COMMA = YES;
				CLANG_WARN_CONSTANT_CONVERSION = YES;
				CLANG_WARN_DEPRECATED_OBJC_IMPLEMENTATIONS = YES;
				CLANG_WARN_DIRECT_OBJC_ISA_USAGE = YES_ERROR;
				CLANG_WARN_DOCUMENTATION_COMMENTS = YES;
				CLANG_WARN_EMPTY_BODY = YES;
				CLANG_WARN_ENUM_CONVERSION = YES;
				CLANG_WARN_INFINITE_RECURSION = YES;
				CLANG_WARN_INT_CONVERSION = YES;
				CLANG_WARN_NON_LITERAL_NULL_CONVERSION = YES;
				CLANG_WARN_OBJC_IMPLICIT_RETAIN_SELF = YES;
				CLANG_WARN_OBJC_LITERAL_CONVERSION = YES;
				CLANG_WARN_OBJC_ROOT_CLASS = YES_ERROR;
				CLANG_WARN_QUOTED_INCLUDE_IN_FRAMEWORK_HEADER = YES;
				CLANG_WARN_RANGE_LOOP_ANALYSIS = YES;
				CLANG_WARN_STRICT_PROTOTYPES = YES;
				CLANG_WARN_SUSPICIOUS_MOVE = YES;
				CLANG_WARN_UNGUARDED_AVAILABILITY = YES_AGGRESSIVE;
				CLANG_WARN_UNREACHABLE_CODE = YES;
				CLANG_WARN__DUPLICATE_METHOD_MATCH = YES;
				COPY_PHASE_STRIP = NO;
				DEBUG_INFORMATION_FORMAT = dwarf;
				ENABLE_STRICT_OBJC_MSGSEND = YES;
				ENABLE_TESTABILITY = YES;
				ENABLE_USER_SCRIPT_SANDBOXING = YES;
				GCC_C_LANGUAGE_STANDARD = gnu17;
				GCC_DYNAMIC_NO_PIC = NO;
				GCC_NO_COMMON_BLOCKS = YES;
				GCC_OPTIMIZATION_LEVEL = 0;
				GCC_PREPROCESSOR_DEFINITIONS = (
					"DEBUG=1",
					"$(inherited)",
				);
				GCC_WARN_64_TO_32_BIT_CONVERSION = YES;
				GCC_WARN_ABOUT_RETURN_TYPE = YES_ERROR;
				GCC_WARN_UNDECLARED_SELECTOR = YES;
				GCC_WARN_UNINITIALIZED_AUTOS = YES_AGGRESSIVE;
				GCC_WARN_UNUSED_FUNCTION = YES;
				GCC_WARN_UNUSED_VARIABLE = YES;
				IPHONEOS_DEPLOYMENT_TARGET = 18.2;
				LOCALIZATION_PREFERS_STRING_CATALOGS = YES;
				MTL_ENABLE_DEBUG_INFO = INCLUDE_SOURCE;
				MTL_FAST_MATH = YES;
				ONLY_ACTIVE_ARCH = YES;
				SDKROOT = iphoneos;
				SWIFT_ACTIVE_COMPILATION_CONDITIONS = "DEBUG $(inherited)";
				SWIFT_OPTIMIZATION_LEVEL = "-Onone";
			};
			name = Debug;
		};
		2C8CE6192D5A68DA005C0046 /* Release */ = {
			isa = XCBuildConfiguration;
			buildSettings = {
				ALWAYS_SEARCH_USER_PATHS = NO;
				ASSETCATALOG_COMPILER_GENERATE_SWIFT_ASSET_SYMBOL_EXTENSIONS = YES;
				CLANG_ANALYZER_NONNULL = YES;
				CLANG_ANALYZER_NUMBER_OBJECT_CONVERSION = YES_AGGRESSIVE;
				CLANG_CXX_LANGUAGE_STANDARD = "gnu++20";
				CLANG_ENABLE_MODULES = YES;
				CLANG_ENABLE_OBJC_ARC = YES;
				CLANG_ENABLE_OBJC_WEAK = YES;
				CLANG_WARN_BLOCK_CAPTURE_AUTORELEASING = YES;
				CLANG_WARN_BOOL_CONVERSION = YES;
				CLANG_WARN_COMMA = YES;
				CLANG_WARN_CONSTANT_CONVERSION = YES;
				CLANG_WARN_DEPRECATED_OBJC_IMPLEMENTATIONS = YES;
				CLANG_WARN_DIRECT_OBJC_ISA_USAGE = YES_ERROR;
				CLANG_WARN_DOCUMENTATION_COMMENTS = YES;
				CLANG_WARN_EMPTY_BODY = YES;
				CLANG_WARN_ENUM_CONVERSION = YES;
				CLANG_WARN_INFINITE_RECURSION = YES;
				CLANG_WARN_INT_CONVERSION = YES;
				CLANG_WARN_NON_LITERAL_NULL_CONVERSION = YES;
				CLANG_WARN_OBJC_IMPLICIT_RETAIN_SELF = YES;
				CLANG_WARN_OBJC_LITERAL_CONVERSION = YES;
				CLANG_WARN_OBJC_ROOT_CLASS = YES_ERROR;
				CLANG_WARN_QUOTED_INCLUDE_IN_FRAMEWORK_HEADER = YES;
				CLANG_WARN_RANGE_LOOP_ANALYSIS = YES;
				CLANG_WARN_STRICT_PROTOTYPES = YES;
				CLANG_WARN_SUSPICIOUS_MOVE = YES;
				CLANG_WARN_UNGUARDED_AVAILABILITY = YES_AGGRESSIVE;
				CLANG_WARN_UNREACHABLE_CODE = YES;
				CLANG_WARN__DUPLICATE_METHOD_MATCH = YES;
				COPY_PHASE_STRIP = NO;
				DEBUG_INFORMATION_FORMAT = "dwarf-with-dsym";
				ENABLE_NS_ASSERTIONS = NO;
				ENABLE_STRICT_OBJC_MSGSEND = YES;
				ENABLE_USER_SCRIPT_SANDBOXING = YES;
				GCC_C_LANGUAGE_STANDARD = gnu17;
				GCC_NO_COMMON_BLOCKS = YES;
				GCC_WARN_64_TO_32_BIT_CONVERSION = YES;
				GCC_WARN_ABOUT_RETURN_TYPE = YES_ERROR;
				GCC_WARN_UNDECLARED_SELECTOR = YES;
				GCC_WARN_UNINITIALIZED_AUTOS = YES_AGGRESSIVE;
				GCC_WARN_UNUSED_FUNCTION = YES;
				GCC_WARN_UNUSED_VARIABLE = YES;
				IPHONEOS_DEPLOYMENT_TARGET = 18.2;
				LOCALIZATION_PREFERS_STRING_CATALOGS = YES;
				MTL_ENABLE_DEBUG_INFO = NO;
				MTL_FAST_MATH = YES;
				SDKROOT = iphoneos;
				SWIFT_COMPILATION_MODE = wholemodule;
				VALIDATE_PRODUCT = YES;
			};
			name = Release;
		};
		2C8CE61B2D5A68DA005C0046 /* Debug */ = {
			isa = XCBuildConfiguration;
			buildSettings = {
				ASSETCATALOG_COMPILER_APPICON_NAME = AppIcon;
				ASSETCATALOG_COMPILER_GLOBAL_ACCENT_COLOR_NAME = AccentColor;
				CODE_SIGN_STYLE = Automatic;
				CURRENT_PROJECT_VERSION = 1;
				DEVELOPMENT_TEAM = 35953V9L7K;
				ENABLE_PREVIEWS = YES;
				GENERATE_INFOPLIST_FILE = YES;
				INFOPLIST_FILE = PLANTIO/Info.plist;
				INFOPLIST_KEY_CFBundleDisplayName = plantio;
				INFOPLIST_KEY_LSApplicationCategoryType = "public.app-category.lifestyle";
				INFOPLIST_KEY_UIApplicationSceneManifest_Generation = YES;
				INFOPLIST_KEY_UIApplicationSupportsIndirectInputEvents = YES;
				INFOPLIST_KEY_UILaunchScreen_Generation = YES;
				INFOPLIST_KEY_UILaunchStoryboardName = LaunchScreen.storyboard;
				INFOPLIST_KEY_UISupportedInterfaceOrientations = UIInterfaceOrientationPortrait;
				INFOPLIST_KEY_UISupportedInterfaceOrientations_iPad = "UIInterfaceOrientationLandscapeLeft UIInterfaceOrientationLandscapeRight UIInterfaceOrientationPortrait UIInterfaceOrientationPortraitUpsideDown";
				INFOPLIST_KEY_UIUserInterfaceStyle = Light;
				IPHONEOS_DEPLOYMENT_TARGET = 17.0;
				LD_RUNPATH_SEARCH_PATHS = (
					"$(inherited)",
					"@executable_path/Frameworks",
				);
				MARKETING_VERSION = 1.0;
				PRODUCT_BUNDLE_IDENTIFIER = com.gui.PLANTIO;
				PRODUCT_NAME = "$(TARGET_NAME)";
				SUPPORTED_PLATFORMS = "iphoneos iphonesimulator";
				SUPPORTS_MACCATALYST = NO;
				SUPPORTS_MAC_DESIGNED_FOR_IPHONE_IPAD = NO;
				SUPPORTS_XR_DESIGNED_FOR_IPHONE_IPAD = NO;
				SWIFT_EMIT_LOC_STRINGS = YES;
				SWIFT_VERSION = 5.0;
				TARGETED_DEVICE_FAMILY = 1;
			};
			name = Debug;
		};
		2C8CE61C2D5A68DA005C0046 /* Release */ = {
			isa = XCBuildConfiguration;
			buildSettings = {
				ASSETCATALOG_COMPILER_APPICON_NAME = AppIcon;
				ASSETCATALOG_COMPILER_GLOBAL_ACCENT_COLOR_NAME = AccentColor;
				CODE_SIGN_STYLE = Automatic;
				CURRENT_PROJECT_VERSION = 1;
				DEVELOPMENT_TEAM = 35953V9L7K;
				ENABLE_PREVIEWS = YES;
				GENERATE_INFOPLIST_FILE = YES;
				INFOPLIST_FILE = PLANTIO/Info.plist;
				INFOPLIST_KEY_CFBundleDisplayName = plantio;
				INFOPLIST_KEY_LSApplicationCategoryType = "public.app-category.lifestyle";
				INFOPLIST_KEY_UIApplicationSceneManifest_Generation = YES;
				INFOPLIST_KEY_UIApplicationSupportsIndirectInputEvents = YES;
				INFOPLIST_KEY_UILaunchScreen_Generation = YES;
				INFOPLIST_KEY_UILaunchStoryboardName = LaunchScreen.storyboard;
				INFOPLIST_KEY_UISupportedInterfaceOrientations = UIInterfaceOrientationPortrait;
				INFOPLIST_KEY_UISupportedInterfaceOrientations_iPad = "UIInterfaceOrientationLandscapeLeft UIInterfaceOrientationLandscapeRight UIInterfaceOrientationPortrait UIInterfaceOrientationPortraitUpsideDown";
				INFOPLIST_KEY_UIUserInterfaceStyle = Light;
				IPHONEOS_DEPLOYMENT_TARGET = 17.0;
				LD_RUNPATH_SEARCH_PATHS = (
					"$(inherited)",
					"@executable_path/Frameworks",
				);
				MARKETING_VERSION = 1.0;
				PRODUCT_BUNDLE_IDENTIFIER = com.gui.PLANTIO;
				PRODUCT_NAME = "$(TARGET_NAME)";
				SUPPORTED_PLATFORMS = "iphoneos iphonesimulator";
				SUPPORTS_MACCATALYST = NO;
				SUPPORTS_MAC_DESIGNED_FOR_IPHONE_IPAD = NO;
				SUPPORTS_XR_DESIGNED_FOR_IPHONE_IPAD = NO;
				SWIFT_EMIT_LOC_STRINGS = YES;
				SWIFT_VERSION = 5.0;
				TARGETED_DEVICE_FAMILY = 1;
			};
			name = Release;
		};
		2CF3B6DC2D6B883F00731684 /* Debug */ = {
			isa = XCBuildConfiguration;
			buildSettings = {
				ASSETCATALOG_COMPILER_APPICON_NAME = "iMessage App Icon";
				CODE_SIGN_STYLE = Automatic;
				CURRENT_PROJECT_VERSION = 1;
				DEVELOPMENT_TEAM = 35953V9L7K;
				GENERATE_INFOPLIST_FILE = YES;
				INFOPLIST_FILE = PlantioStickers/Info.plist;
				INFOPLIST_KEY_NSStickerSharingLevel = OS;
				MARKETING_VERSION = 1.0;
				PRODUCT_BUNDLE_IDENTIFIER = com.gui.PLANTIO.PlantioStickers;
				PRODUCT_NAME = "$(TARGET_NAME)";
				SKIP_INSTALL = YES;
				SWIFT_EMIT_LOC_STRINGS = YES;
				TARGETED_DEVICE_FAMILY = "1,2";
			};
			name = Debug;
		};
		2CF3B6DD2D6B883F00731684 /* Release */ = {
			isa = XCBuildConfiguration;
			buildSettings = {
				ASSETCATALOG_COMPILER_APPICON_NAME = "iMessage App Icon";
				CODE_SIGN_STYLE = Automatic;
				CURRENT_PROJECT_VERSION = 1;
				DEVELOPMENT_TEAM = 35953V9L7K;
				GENERATE_INFOPLIST_FILE = YES;
				INFOPLIST_FILE = PlantioStickers/Info.plist;
				INFOPLIST_KEY_NSStickerSharingLevel = OS;
				MARKETING_VERSION = 1.0;
				PRODUCT_BUNDLE_IDENTIFIER = com.gui.PLANTIO.PlantioStickers;
				PRODUCT_NAME = "$(TARGET_NAME)";
				SKIP_INSTALL = YES;
				SWIFT_EMIT_LOC_STRINGS = YES;
				TARGETED_DEVICE_FAMILY = "1,2";
			};
			name = Release;
		};
/* End XCBuildConfiguration section */

/* Begin XCConfigurationList section */
		2C8CE6072D5A68D6005C0046 /* Build configuration list for PBXProject "PLANTIO" */ = {
			isa = XCConfigurationList;
			buildConfigurations = (
				2C8CE6182D5A68DA005C0046 /* Debug */,
				2C8CE6192D5A68DA005C0046 /* Release */,
			);
			defaultConfigurationIsVisible = 0;
			defaultConfigurationName = Release;
		};
		2C8CE61A2D5A68DA005C0046 /* Build configuration list for PBXNativeTarget "PLANTIO" */ = {
			isa = XCConfigurationList;
			buildConfigurations = (
				2C8CE61B2D5A68DA005C0046 /* Debug */,
				2C8CE61C2D5A68DA005C0046 /* Release */,
			);
			defaultConfigurationIsVisible = 0;
			defaultConfigurationName = Release;
		};
		2CF3B6DB2D6B883F00731684 /* Build configuration list for PBXNativeTarget "PlantioStickers" */ = {
			isa = XCConfigurationList;
			buildConfigurations = (
				2CF3B6DC2D6B883F00731684 /* Debug */,
				2CF3B6DD2D6B883F00731684 /* Release */,
			);
			defaultConfigurationIsVisible = 0;
			defaultConfigurationName = Release;
		};
/* End XCConfigurationList section */
	};
	rootObject = 2C8CE6042D5A68D6005C0046 /* Project object */;
}
